
Microsoft Visual Studio Solution File, Format Version 12.00
Project("{FAE04EC0-301F-11D3-BF4B-00C04F79EFBC}") = "WinFormsApp2", "WinFormsApp2\WinFormsApp2.csproj", "{2A685DB2-5D82-4D09-ACE3-369B35D91BB0}"
EndProject
Global
	GlobalSection(SolutionConfigurationPlatforms) = preSolution
		Debug|Any CPU = Debug|Any CPU
		Release|Any CPU = Release|Any CPU
	EndGlobalSection
	GlobalSection(ProjectConfigurationPlatforms) = postSolution
		{2A685DB2-5D82-4D09-ACE3-369B35D91BB0}.Debug|Any CPU.ActiveCfg = Debug|Any CPU
		{2A685DB2-5D82-4D09-ACE3-369B35D91BB0}.Debug|Any CPU.Build.0 = Debug|Any CPU
		{2A685DB2-5D82-4D09-ACE3-369B35D91BB0}.Release|Any CPU.ActiveCfg = Release|Any CPU
		{2A685DB2-5D82-4D09-ACE3-369B35D91BB0}.Release|Any CPU.Build.0 = Release|Any CPU
	EndGlobalSection
EndGlobal
